
Microsoft Visual Studio Solution File, Format Version 12.00
# Visual Studio 14
VisualStudioVersion = 14.0.24720.0
MinimumVisualStudioVersion = 10.0.40219.1
Project("{FAE04EC0-301F-11D3-BF4B-00C04F79EFBC}") = "funapi-plugin-unity", "funapi-plugin-unity\funapi-plugin-unity.csproj", "{90F29987-F194-450C-899E-F1E61CF6774E}"
EndProject
Project("{FAE04EC0-301F-11D3-BF4B-00C04F79EFBC}") = "plugin-unit-tests", "plugin-unit-tests\plugin-unit-tests.csproj", "{5668DC96-A06A-4A13-BE37-43ABC0162CEE}"
EndProject
Project("{FAE04EC0-301F-11D3-BF4B-00C04F79EFBC}") = "test-winform", "test-winform\test-winform.csproj", "{AE374183-2D99-40EC-A5AA-F1B041D448A8}"
	ProjectSection(ProjectDependencies) = postProject
		{5668DC96-A06A-4A13-BE37-43ABC0162CEE} = {5668DC96-A06A-4A13-BE37-43ABC0162CEE}
	EndProjectSection
EndProject
Global
	GlobalSection(SolutionConfigurationPlatforms) = preSolution
		Debug|Any CPU = Debug|Any CPU
		Release|Any CPU = Release|Any CPU
	EndGlobalSection
	GlobalSection(ProjectConfigurationPlatforms) = postSolution
		{90F29987-F194-450C-899E-F1E61CF6774E}.Debug|Any CPU.ActiveCfg = Debug|Any CPU
		{90F29987-F194-450C-899E-F1E61CF6774E}.Debug|Any CPU.Build.0 = Debug|Any CPU
		{90F29987-F194-450C-899E-F1E61CF6774E}.Release|Any CPU.ActiveCfg = Release|Any CPU
		{90F29987-F194-450C-899E-F1E61CF6774E}.Release|Any CPU.Build.0 = Release|Any CPU
		{5668DC96-A06A-4A13-BE37-43ABC0162CEE}.Debug|Any CPU.ActiveCfg = Debug|Any CPU
		{5668DC96-A06A-4A13-BE37-43ABC0162CEE}.Debug|Any CPU.Build.0 = Debug|Any CPU
		{5668DC96-A06A-4A13-BE37-43ABC0162CEE}.Release|Any CPU.ActiveCfg = Release|Any CPU
		{5668DC96-A06A-4A13-BE37-43ABC0162CEE}.Release|Any CPU.Build.0 = Release|Any CPU
		{AE374183-2D99-40EC-A5AA-F1B041D448A8}.Debug|Any CPU.ActiveCfg = Debug|Any CPU
		{AE374183-2D99-40EC-A5AA-F1B041D448A8}.Debug|Any CPU.Build.0 = Debug|Any CPU
		{AE374183-2D99-40EC-A5AA-F1B041D448A8}.Release|Any CPU.ActiveCfg = Release|Any CPU
		{AE374183-2D99-40EC-A5AA-F1B041D448A8}.Release|Any CPU.Build.0 = Release|Any CPU
	EndGlobalSection
	GlobalSection(SolutionProperties) = preSolution
		HideSolutionNode = FALSE
	EndGlobalSection
EndGlobal
