Microsoft Visual Studio Solution File, Format Version 11.00
# Visual Studio 2008

Project("{7A3EEFA7-C8E0-C4A1-E26A-A5CFC35C0EB9}") = "unity-plugin", "Assembly-CSharp.csproj", "{1F301FC1-8856-1FAF-206C-E3C3587374FB}"
EndProject
Project("{7A3EEFA7-C8E0-C4A1-E26A-A5CFC35C0EB9}") = "unity-plugin", "Assembly-CSharp-Editor.csproj", "{A4C1BBE3-D1F2-2551-D23B-73F9A5C3B449}"
EndProject
Global
	GlobalSection(SolutionConfigurationPlatforms) = preSolution
		Debug|Any CPU = Debug|Any CPU
		Release|Any CPU = Release|Any CPU
	EndGlobalSection
	GlobalSection(ProjectConfigurationPlatforms) = postSolution
		{1F301FC1-8856-1FAF-206C-E3C3587374FB}.Debug|Any CPU.ActiveCfg = Debug|Any CPU
		{1F301FC1-8856-1FAF-206C-E3C3587374FB}.Debug|Any CPU.Build.0 = Debug|Any CPU
		{1F301FC1-8856-1FAF-206C-E3C3587374FB}.Release|Any CPU.ActiveCfg = Release|Any CPU
		{1F301FC1-8856-1FAF-206C-E3C3587374FB}.Release|Any CPU.Build.0 = Release|Any CPU
		{A4C1BBE3-D1F2-2551-D23B-73F9A5C3B449}.Debug|Any CPU.ActiveCfg = Debug|Any CPU
		{A4C1BBE3-D1F2-2551-D23B-73F9A5C3B449}.Debug|Any CPU.Build.0 = Debug|Any CPU
		{A4C1BBE3-D1F2-2551-D23B-73F9A5C3B449}.Release|Any CPU.ActiveCfg = Release|Any CPU
		{A4C1BBE3-D1F2-2551-D23B-73F9A5C3B449}.Release|Any CPU.Build.0 = Release|Any CPU
	EndGlobalSection
	GlobalSection(SolutionProperties) = preSolution
		HideSolutionNode = FALSE
	EndGlobalSection
																																																					GlobalSection(MonoDevelopProperties) = preSolution
		StartupItem = Assembly-CSharp.csproj
		Policies = $0
		$0.TextStylePolicy = $1
		$1.FileWidth = 120
		$1.TabWidth = 2
		$1.NoTabsAfterNonTabs = True
		$1.RemoveTrailingWhitespace = True
		$1.EolMarker = Unix
		$1.inheritsSet = VisualStudio
		$1.inheritsScope = text/plain
		$1.scope = text/x-csharp
		$0.CSharpFormattingPolicy = $2
		$2.NamespaceBraceStyle = EndOfLine
		$2.ClassBraceStyle = EndOfLine
		$2.InterfaceBraceStyle = EndOfLine
		$2.StructBraceStyle = EndOfLine
		$2.EnumBraceStyle = EndOfLine
		$2.MethodBraceStyle = EndOfLine
		$2.ConstructorBraceStyle = EndOfLine
		$2.BeforeMethodDeclarationParentheses = False
		$2.WithinMethodDeclarationParentheses = True
		$2.BeforeMethodCallParentheses = False
		$2.WithinMethodCallParentheses = True
		$2.BeforeFieldDeclarationComma = True
		$2.AfterFieldDeclarationComma = False
		$2.BeforeConstructorDeclarationParentheses = False
		$2.WithinConstructorDeclarationParentheses = True
		$2.BeforeIndexerDeclarationBracket = False
		$2.BeforeDelegateDeclarationParentheses = False
		$2.WithinDelegateDeclarationParentheses = True
		$2.NewParentheses = False
		$2.IfParentheses = False
		$2.WhileParentheses = False
		$2.ForParentheses = False
		$2.ForeachParentheses = False
		$2.CatchParentheses = False
		$2.SwitchParentheses = False
		$2.LockParentheses = False
		$2.UsingParentheses = False
		$2.WithinIfParentheses = True
		$2.WithinWhileParentheses = True
		$2.WithinForParentheses = True
		$2.WithinForEachParentheses = True
		$2.WithinCatchParentheses = True
		$2.WithinSwitchParentheses = True
		$2.WithinLockParentheses = True
		$2.WithinUsingParentheses = True
		$2.SpacesBeforeBrackets = False
		$2.inheritsSet = Mono
		$2.inheritsScope = text/x-csharp
		$2.scope = text/x-csharp
		$0.TextStylePolicy = $3
		$3.FileWidth = 120
		$3.TabWidth = 4
		$3.EolMarker = Unix
		$3.inheritsSet = Mono
		$3.inheritsScope = text/plain
		$3.scope = text/plain
	EndGlobalSection

EndGlobal
